<?xml version="1.0" encoding="utf-8"?>
<Project ToolsVersion="4.0" xmlns="http://schemas.microsoft.com/developer/msbuild/2003">
  <ItemGroup>
    <ClCompile Include="first2Upper.cpp" />
    <ClCompile Include="is_punct.cpp" />
    <ClCompile Include="main.cpp" />
    <ClCompile Include="string2Upper.cpp" />
    <ClCompile Include="string_test.cpp" />
    <ClCompile Include="vector_test.cpp" />
    <ClCompile Include="iterator.cpp" />
    <ClCompile Include="array_test.cpp" />
    <ClCompile Include="cstring_test.cpp" />
  </ItemGroup>
  <ItemGroup>
    <ClInclude Include="c++_primer.h" />
  </ItemGroup>
</Project>